
Microsoft Visual Studio Solution File, Format Version 12.00
# Visual Studio Version 17
VisualStudioVersion = 17.0.31903.59
MinimumVisualStudioVersion = 10.0.40219.1
Project("{2150E333-8FDC-42A3-9474-1A3956D46DE8}") = "src", "src", "{7C1AC6ED-1E6D-4E4C-A119-FD84F03212DB}"
EndProject
Project("{2150E333-8FDC-42A3-9474-1A3956D46DE8}") = "tests", "tests", "{EB15A9BF-6E8C-489B-A334-911032D8E09B}"
EndProject
Project("{FAE04EC0-301F-11D3-BF4B-00C04F79EFBC}") = "TodoApi", "src\TodoApi\TodoApi.csproj", "{1AC5EFFF-963C-4097-801D-93E60F420803}"
EndProject
Project("{FAE04EC0-301F-11D3-BF4B-00C04F79EFBC}") = "TodoApi.Data", "src\TodoApi.Data\TodoApi.Data.csproj", "{965439B8-657D-4234-9083-455215AC198D}"
EndProject
Project("{FAE04EC0-301F-11D3-BF4B-00C04F79EFBC}") = "TodoApi.Services", "src\TodoApi.Services\TodoApi.Services.csproj", "{61DFCFF1-16AA-414B-95EF-7A0D2697A0D8}"
EndProject
Project("{FAE04EC0-301F-11D3-BF4B-00C04F79EFBC}") = "TodoApi.UnitTests", "TodoApi.UnitTests\TodoApi.UnitTests.csproj", "{D2B70411-672C-4E41-BE9E-617619D25743}"
EndProject
Global
	GlobalSection(SolutionConfigurationPlatforms) = preSolution
		Debug|Any CPU = Debug|Any CPU
		Release|Any CPU = Release|Any CPU
	EndGlobalSection
	GlobalSection(ProjectConfigurationPlatforms) = postSolution
		{1AC5EFFF-963C-4097-801D-93E60F420803}.Debug|Any CPU.ActiveCfg = Debug|Any CPU
		{1AC5EFFF-963C-4097-801D-93E60F420803}.Debug|Any CPU.Build.0 = Debug|Any CPU
		{1AC5EFFF-963C-4097-801D-93E60F420803}.Release|Any CPU.ActiveCfg = Release|Any CPU
		{1AC5EFFF-963C-4097-801D-93E60F420803}.Release|Any CPU.Build.0 = Release|Any CPU
		{965439B8-657D-4234-9083-455215AC198D}.Debug|Any CPU.ActiveCfg = Debug|Any CPU
		{965439B8-657D-4234-9083-455215AC198D}.Debug|Any CPU.Build.0 = Debug|Any CPU
		{965439B8-657D-4234-9083-455215AC198D}.Release|Any CPU.ActiveCfg = Release|Any CPU
		{965439B8-657D-4234-9083-455215AC198D}.Release|Any CPU.Build.0 = Release|Any CPU
		{61DFCFF1-16AA-414B-95EF-7A0D2697A0D8}.Debug|Any CPU.ActiveCfg = Debug|Any CPU
		{61DFCFF1-16AA-414B-95EF-7A0D2697A0D8}.Debug|Any CPU.Build.0 = Debug|Any CPU
		{61DFCFF1-16AA-414B-95EF-7A0D2697A0D8}.Release|Any CPU.ActiveCfg = Release|Any CPU
		{61DFCFF1-16AA-414B-95EF-7A0D2697A0D8}.Release|Any CPU.Build.0 = Release|Any CPU
		{D2B70411-672C-4E41-BE9E-617619D25743}.Debug|Any CPU.ActiveCfg = Debug|Any CPU
		{D2B70411-672C-4E41-BE9E-617619D25743}.Debug|Any CPU.Build.0 = Debug|Any CPU
		{D2B70411-672C-4E41-BE9E-617619D25743}.Release|Any CPU.ActiveCfg = Release|Any CPU
		{D2B70411-672C-4E41-BE9E-617619D25743}.Release|Any CPU.Build.0 = Release|Any CPU
	EndGlobalSection
	GlobalSection(SolutionProperties) = preSolution
		HideSolutionNode = FALSE
	EndGlobalSection
	GlobalSection(NestedProjects) = preSolution
		{1AC5EFFF-963C-4097-801D-93E60F420803} = {7C1AC6ED-1E6D-4E4C-A119-FD84F03212DB}
		{965439B8-657D-4234-9083-455215AC198D} = {7C1AC6ED-1E6D-4E4C-A119-FD84F03212DB}
		{61DFCFF1-16AA-414B-95EF-7A0D2697A0D8} = {7C1AC6ED-1E6D-4E4C-A119-FD84F03212DB}
		{D2B70411-672C-4E41-BE9E-617619D25743} = {EB15A9BF-6E8C-489B-A334-911032D8E09B}
	EndGlobalSection
	GlobalSection(ExtensibilityGlobals) = postSolution
		SolutionGuid = {F6265DD4-7D46-4A9E-AFF1-496E49B7D6F8}
	EndGlobalSection
EndGlobal
