
Microsoft Visual Studio Solution File, Format Version 12.00
# Visual Studio Version 17
VisualStudioVersion = 17.4.33205.214
MinimumVisualStudioVersion = 10.0.40219.1
Project("{9A19103F-16F7-4668-BE54-9A1E7A4F7556}") = "TodoApiEFCore", "TodoApiEFCore\TodoApiEFCore.csproj", "{93323B76-D604-47F0-B105-A66EF534DFF7}"
	ProjectSection(ProjectDependencies) = postProject
		{88C1D689-313D-49FB-8856-097926279F47} = {88C1D689-313D-49FB-8856-097926279F47}
	EndProjectSection
EndProject
Project("{9A19103F-16F7-4668-BE54-9A1E7A4F7556}") = "TodoApi.Data", "TodoApi.Data\TodoApi.Data.csproj", "{88C1D689-313D-49FB-8856-097926279F47}"
EndProject
Project("{FAE04EC0-301F-11D3-BF4B-00C04F79EFBC}") = "TodoApi.Tests", "TodoApi.Tests\TodoApi.Tests.csproj", "{5FC0B1E1-7C84-4B06-ABC8-25E0E36DAE74}"
EndProject
Global
	GlobalSection(SolutionConfigurationPlatforms) = preSolution
		Debug|Any CPU = Debug|Any CPU
		Release|Any CPU = Release|Any CPU
	EndGlobalSection
	GlobalSection(ProjectConfigurationPlatforms) = postSolution
		{93323B76-D604-47F0-B105-A66EF534DFF7}.Debug|Any CPU.ActiveCfg = Debug|Any CPU
		{93323B76-D604-47F0-B105-A66EF534DFF7}.Debug|Any CPU.Build.0 = Debug|Any CPU
		{93323B76-D604-47F0-B105-A66EF534DFF7}.Release|Any CPU.ActiveCfg = Release|Any CPU
		{93323B76-D604-47F0-B105-A66EF534DFF7}.Release|Any CPU.Build.0 = Release|Any CPU
		{88C1D689-313D-49FB-8856-097926279F47}.Debug|Any CPU.ActiveCfg = Debug|Any CPU
		{88C1D689-313D-49FB-8856-097926279F47}.Debug|Any CPU.Build.0 = Debug|Any CPU
		{88C1D689-313D-49FB-8856-097926279F47}.Release|Any CPU.ActiveCfg = Release|Any CPU
		{88C1D689-313D-49FB-8856-097926279F47}.Release|Any CPU.Build.0 = Release|Any CPU
		{5FC0B1E1-7C84-4B06-ABC8-25E0E36DAE74}.Debug|Any CPU.ActiveCfg = Debug|Any CPU
		{5FC0B1E1-7C84-4B06-ABC8-25E0E36DAE74}.Debug|Any CPU.Build.0 = Debug|Any CPU
		{5FC0B1E1-7C84-4B06-ABC8-25E0E36DAE74}.Release|Any CPU.ActiveCfg = Release|Any CPU
		{5FC0B1E1-7C84-4B06-ABC8-25E0E36DAE74}.Release|Any CPU.Build.0 = Release|Any CPU
	EndGlobalSection
	GlobalSection(SolutionProperties) = preSolution
		HideSolutionNode = FALSE
	EndGlobalSection
	GlobalSection(ExtensibilityGlobals) = postSolution
		SolutionGuid = {9C078AF8-BF0B-4512-B027-2DF28E6DED21}
	EndGlobalSection
EndGlobal
